// !$*UTF8*$!
{
	archiveVersion = 1;
	classes = {
	};
	objectVersion = 50;
	objects = {

/* Begin PBXBuildFile section */
		172D1AA12202075100330357 /* FeedTableViewController.swift in Sources */ = {isa = PBXBuildFile; fileRef = 172D1AA02202075100330357 /* FeedTableViewController.swift */; };
		39BDD42D124C0DDF4EAFE0C5 /* Pods_BurgeRateUITests.framework in Frameworks */ = {isa = PBXBuildFile; fileRef = 975872DAC2922E6E9C31B3D8 /* Pods_BurgeRateUITests.framework */; };
		785E4E5D21F00764006D2E1E /* ReviewTableViewCell.swift in Sources */ = {isa = PBXBuildFile; fileRef = 785E4E5C21F00764006D2E1E /* ReviewTableViewCell.swift */; };
		78EC670321C7022E005EB320 /* AppDelegate.swift in Sources */ = {isa = PBXBuildFile; fileRef = 78EC670221C7022E005EB320 /* AppDelegate.swift */; };
		78EC670521C7022E005EB320 /* EntryViewController.swift in Sources */ = {isa = PBXBuildFile; fileRef = 78EC670421C7022E005EB320 /* EntryViewController.swift */; };
		78EC670821C7022E005EB320 /* Main.storyboard in Resources */ = {isa = PBXBuildFile; fileRef = 78EC670621C7022E005EB320 /* Main.storyboard */; };
		78EC670A21C70233005EB320 /* Assets.xcassets in Resources */ = {isa = PBXBuildFile; fileRef = 78EC670921C70233005EB320 /* Assets.xcassets */; };
		78EC670D21C70233005EB320 /* LaunchScreen.storyboard in Resources */ = {isa = PBXBuildFile; fileRef = 78EC670B21C70233005EB320 /* LaunchScreen.storyboard */; };
		78EC671821C70234005EB320 /* BurgeRateTests.swift in Sources */ = {isa = PBXBuildFile; fileRef = 78EC671721C70234005EB320 /* BurgeRateTests.swift */; };
		78EC672321C70234005EB320 /* BurgeRateUITests.swift in Sources */ = {isa = PBXBuildFile; fileRef = 78EC672221C70234005EB320 /* BurgeRateUITests.swift */; };
		78EC673121C7200B005EB320 /* LoginViewController.swift in Sources */ = {isa = PBXBuildFile; fileRef = 78EC673021C7200B005EB320 /* LoginViewController.swift */; };
		78EC673321C72028005EB320 /* SignUpViewController.swift in Sources */ = {isa = PBXBuildFile; fileRef = 78EC673221C72028005EB320 /* SignUpViewController.swift */; };
		78F723E421EF7EDF00505FB5 /* GoogleService-Info.plist in Resources */ = {isa = PBXBuildFile; fileRef = 78F723E321EF7EDE00505FB5 /* GoogleService-Info.plist */; };
		78F723E721EF926200505FB5 /* User.swift in Sources */ = {isa = PBXBuildFile; fileRef = 78F723E621EF926200505FB5 /* User.swift */; };
		78F723E921EF948E00505FB5 /* Review.swift in Sources */ = {isa = PBXBuildFile; fileRef = 78F723E821EF948E00505FB5 /* Review.swift */; };
		78F723EB21EF97A900505FB5 /* ModelFirebase.swift in Sources */ = {isa = PBXBuildFile; fileRef = 78F723EA21EF97A900505FB5 /* ModelFirebase.swift */; };
		78F723ED21EF998C00505FB5 /* libsqlite3.0.tbd in Frameworks */ = {isa = PBXBuildFile; fileRef = 78F723EC21EF998C00505FB5 /* libsqlite3.0.tbd */; };
		78F723EF21EFAAEC00505FB5 /* Model.swift in Sources */ = {isa = PBXBuildFile; fileRef = 78F723EE21EFAAEC00505FB5 /* Model.swift */; };
		AD8BD8F5BB0006D4483634A5 /* Pods_BurgeRate.framework in Frameworks */ = {isa = PBXBuildFile; fileRef = F92AB55DBB04490C4C344481 /* Pods_BurgeRate.framework */; };
		B0B3F691EE2146D23EF51114 /* Pods_BurgeRateTests.framework in Frameworks */ = {isa = PBXBuildFile; fileRef = 37956B4F01F6C4C16DB2D92D /* Pods_BurgeRateTests.framework */; };
/* End PBXBuildFile section */

/* Begin PBXContainerItemProxy section */
		78EC671421C70234005EB320 /* PBXContainerItemProxy */ = {
			isa = PBXContainerItemProxy;
			containerPortal = 78EC66F721C7022D005EB320 /* Project object */;
			proxyType = 1;
			remoteGlobalIDString = 78EC66FE21C7022E005EB320;
			remoteInfo = BurgeRate;
		};
		78EC671F21C70234005EB320 /* PBXContainerItemProxy */ = {
			isa = PBXContainerItemProxy;
			containerPortal = 78EC66F721C7022D005EB320 /* Project object */;
			proxyType = 1;
			remoteGlobalIDString = 78EC66FE21C7022E005EB320;
			remoteInfo = BurgeRate;
		};
/* End PBXContainerItemProxy section */

/* Begin PBXFileReference section */
		172D1A9C2202071900330357 /* BurgeRate-Bridging-Header.h */ = {isa = PBXFileReference; lastKnownFileType = sourcecode.c.h; path = "BurgeRate-Bridging-Header.h"; sourceTree = "<group>"; };
		172D1AA02202075100330357 /* FeedTableViewController.swift */ = {isa = PBXFileReference; lastKnownFileType = sourcecode.swift; path = FeedTableViewController.swift; sourceTree = "<group>"; };
		1C1326220D528C03D378CD96 /* Pods-BurgeRateUITests.debug.xcconfig */ = {isa = PBXFileReference; includeInIndex = 1; lastKnownFileType = text.xcconfig; name = "Pods-BurgeRateUITests.debug.xcconfig"; path = "Pods/Target Support Files/Pods-BurgeRateUITests/Pods-BurgeRateUITests.debug.xcconfig"; sourceTree = "<group>"; };
		37956B4F01F6C4C16DB2D92D /* Pods_BurgeRateTests.framework */ = {isa = PBXFileReference; explicitFileType = wrapper.framework; includeInIndex = 0; path = Pods_BurgeRateTests.framework; sourceTree = BUILT_PRODUCTS_DIR; };
		44850A26394BF69A9B00F2EF /* Pods-BurgeRateTests.debug.xcconfig */ = {isa = PBXFileReference; includeInIndex = 1; lastKnownFileType = text.xcconfig; name = "Pods-BurgeRateTests.debug.xcconfig"; path = "Pods/Target Support Files/Pods-BurgeRateTests/Pods-BurgeRateTests.debug.xcconfig"; sourceTree = "<group>"; };
		4A9DCBC0EAA3B5CE9C1E83CA /* Pods-BurgeRate.release.xcconfig */ = {isa = PBXFileReference; includeInIndex = 1; lastKnownFileType = text.xcconfig; name = "Pods-BurgeRate.release.xcconfig"; path = "Pods/Target Support Files/Pods-BurgeRate/Pods-BurgeRate.release.xcconfig"; sourceTree = "<group>"; };
		785E4E5C21F00764006D2E1E /* ReviewTableViewCell.swift */ = {isa = PBXFileReference; lastKnownFileType = sourcecode.swift; path = ReviewTableViewCell.swift; sourceTree = "<group>"; };
		78EC66FF21C7022E005EB320 /* BurgeRate.app */ = {isa = PBXFileReference; explicitFileType = wrapper.application; includeInIndex = 0; path = BurgeRate.app; sourceTree = BUILT_PRODUCTS_DIR; };
		78EC670221C7022E005EB320 /* AppDelegate.swift */ = {isa = PBXFileReference; lastKnownFileType = sourcecode.swift; path = AppDelegate.swift; sourceTree = "<group>"; };
		78EC670421C7022E005EB320 /* EntryViewController.swift */ = {isa = PBXFileReference; lastKnownFileType = sourcecode.swift; path = EntryViewController.swift; sourceTree = "<group>"; };
		78EC670721C7022E005EB320 /* Base */ = {isa = PBXFileReference; lastKnownFileType = file.storyboard; name = Base; path = Base.lproj/Main.storyboard; sourceTree = "<group>"; };
		78EC670921C70233005EB320 /* Assets.xcassets */ = {isa = PBXFileReference; lastKnownFileType = folder.assetcatalog; path = Assets.xcassets; sourceTree = "<group>"; };
		78EC670C21C70233005EB320 /* Base */ = {isa = PBXFileReference; lastKnownFileType = file.storyboard; name = Base; path = Base.lproj/LaunchScreen.storyboard; sourceTree = "<group>"; };
		78EC670E21C70233005EB320 /* Info.plist */ = {isa = PBXFileReference; lastKnownFileType = text.plist.xml; path = Info.plist; sourceTree = "<group>"; };
		78EC671321C70234005EB320 /* BurgeRateTests.xctest */ = {isa = PBXFileReference; explicitFileType = wrapper.cfbundle; includeInIndex = 0; path = BurgeRateTests.xctest; sourceTree = BUILT_PRODUCTS_DIR; };
		78EC671721C70234005EB320 /* BurgeRateTests.swift */ = {isa = PBXFileReference; lastKnownFileType = sourcecode.swift; path = BurgeRateTests.swift; sourceTree = "<group>"; };
		78EC671921C70234005EB320 /* Info.plist */ = {isa = PBXFileReference; lastKnownFileType = text.plist.xml; path = Info.plist; sourceTree = "<group>"; };
		78EC671E21C70234005EB320 /* BurgeRateUITests.xctest */ = {isa = PBXFileReference; explicitFileType = wrapper.cfbundle; includeInIndex = 0; path = BurgeRateUITests.xctest; sourceTree = BUILT_PRODUCTS_DIR; };
		78EC672221C70234005EB320 /* BurgeRateUITests.swift */ = {isa = PBXFileReference; lastKnownFileType = sourcecode.swift; path = BurgeRateUITests.swift; sourceTree = "<group>"; };
		78EC672421C70234005EB320 /* Info.plist */ = {isa = PBXFileReference; lastKnownFileType = text.plist.xml; path = Info.plist; sourceTree = "<group>"; };
		78EC673021C7200B005EB320 /* LoginViewController.swift */ = {isa = PBXFileReference; lastKnownFileType = sourcecode.swift; path = LoginViewController.swift; sourceTree = "<group>"; };
		78EC673221C72028005EB320 /* SignUpViewController.swift */ = {isa = PBXFileReference; lastKnownFileType = sourcecode.swift; path = SignUpViewController.swift; sourceTree = "<group>"; };
		78F723E321EF7EDE00505FB5 /* GoogleService-Info.plist */ = {isa = PBXFileReference; fileEncoding = 4; lastKnownFileType = text.plist.xml; path = "GoogleService-Info.plist"; sourceTree = "<group>"; };
		78F723E621EF926200505FB5 /* User.swift */ = {isa = PBXFileReference; lastKnownFileType = sourcecode.swift; path = User.swift; sourceTree = "<group>"; };
		78F723E821EF948E00505FB5 /* Review.swift */ = {isa = PBXFileReference; lastKnownFileType = sourcecode.swift; path = Review.swift; sourceTree = "<group>"; };
		78F723EA21EF97A900505FB5 /* ModelFirebase.swift */ = {isa = PBXFileReference; lastKnownFileType = sourcecode.swift; path = ModelFirebase.swift; sourceTree = "<group>"; };
		78F723EC21EF998C00505FB5 /* libsqlite3.0.tbd */ = {isa = PBXFileReference; lastKnownFileType = "sourcecode.text-based-dylib-definition"; name = libsqlite3.0.tbd; path = usr/lib/libsqlite3.0.tbd; sourceTree = SDKROOT; };
		78F723EE21EFAAEC00505FB5 /* Model.swift */ = {isa = PBXFileReference; lastKnownFileType = sourcecode.swift; path = Model.swift; sourceTree = "<group>"; };
		975872DAC2922E6E9C31B3D8 /* Pods_BurgeRateUITests.framework */ = {isa = PBXFileReference; explicitFileType = wrapper.framework; includeInIndex = 0; path = Pods_BurgeRateUITests.framework; sourceTree = BUILT_PRODUCTS_DIR; };
		D4336A520F28A68B73ABD8E4 /* Pods-BurgeRateUITests.release.xcconfig */ = {isa = PBXFileReference; includeInIndex = 1; lastKnownFileType = text.xcconfig; name = "Pods-BurgeRateUITests.release.xcconfig"; path = "Pods/Target Support Files/Pods-BurgeRateUITests/Pods-BurgeRateUITests.release.xcconfig"; sourceTree = "<group>"; };
		D7B1B5065D5AA6BD061AEFB5 /* Pods-BurgeRate.debug.xcconfig */ = {isa = PBXFileReference; includeInIndex = 1; lastKnownFileType = text.xcconfig; name = "Pods-BurgeRate.debug.xcconfig"; path = "Pods/Target Support Files/Pods-BurgeRate/Pods-BurgeRate.debug.xcconfig"; sourceTree = "<group>"; };
		F92AB55DBB04490C4C344481 /* Pods_BurgeRate.framework */ = {isa = PBXFileReference; explicitFileType = wrapper.framework; includeInIndex = 0; path = Pods_BurgeRate.framework; sourceTree = BUILT_PRODUCTS_DIR; };
		FED899803F58B2BEAD8F4341 /* Pods-BurgeRateTests.release.xcconfig */ = {isa = PBXFileReference; includeInIndex = 1; lastKnownFileType = text.xcconfig; name = "Pods-BurgeRateTests.release.xcconfig"; path = "Pods/Target Support Files/Pods-BurgeRateTests/Pods-BurgeRateTests.release.xcconfig"; sourceTree = "<group>"; };
/* End PBXFileReference section */

/* Begin PBXFrameworksBuildPhase section */
		78EC66FC21C7022E005EB320 /* Frameworks */ = {
			isa = PBXFrameworksBuildPhase;
			buildActionMask = 2147483647;
			files = (
				78F723ED21EF998C00505FB5 /* libsqlite3.0.tbd in Frameworks */,
				AD8BD8F5BB0006D4483634A5 /* Pods_BurgeRate.framework in Frameworks */,
			);
			runOnlyForDeploymentPostprocessing = 0;
		};
		78EC671021C70234005EB320 /* Frameworks */ = {
			isa = PBXFrameworksBuildPhase;
			buildActionMask = 2147483647;
			files = (
				B0B3F691EE2146D23EF51114 /* Pods_BurgeRateTests.framework in Frameworks */,
			);
			runOnlyForDeploymentPostprocessing = 0;
		};
		78EC671B21C70234005EB320 /* Frameworks */ = {
			isa = PBXFrameworksBuildPhase;
			buildActionMask = 2147483647;
			files = (
				39BDD42D124C0DDF4EAFE0C5 /* Pods_BurgeRateUITests.framework in Frameworks */,
			);
			runOnlyForDeploymentPostprocessing = 0;
		};
/* End PBXFrameworksBuildPhase section */

/* Begin PBXGroup section */
		4FACACB4235C9DE887D05C55 /* Pods */ = {
			isa = PBXGroup;
			children = (
				D7B1B5065D5AA6BD061AEFB5 /* Pods-BurgeRate.debug.xcconfig */,
				4A9DCBC0EAA3B5CE9C1E83CA /* Pods-BurgeRate.release.xcconfig */,
				44850A26394BF69A9B00F2EF /* Pods-BurgeRateTests.debug.xcconfig */,
				FED899803F58B2BEAD8F4341 /* Pods-BurgeRateTests.release.xcconfig */,
				1C1326220D528C03D378CD96 /* Pods-BurgeRateUITests.debug.xcconfig */,
				D4336A520F28A68B73ABD8E4 /* Pods-BurgeRateUITests.release.xcconfig */,
			);
			name = Pods;
			sourceTree = "<group>";
		};
		6E9FC069C433C694CB54A192 /* Frameworks */ = {
			isa = PBXGroup;
			children = (
				78F723EC21EF998C00505FB5 /* libsqlite3.0.tbd */,
				F92AB55DBB04490C4C344481 /* Pods_BurgeRate.framework */,
				37956B4F01F6C4C16DB2D92D /* Pods_BurgeRateTests.framework */,
				975872DAC2922E6E9C31B3D8 /* Pods_BurgeRateUITests.framework */,
			);
			name = Frameworks;
			sourceTree = "<group>";
		};
		78EC66F621C7022D005EB320 = {
			isa = PBXGroup;
			children = (
				78EC670121C7022E005EB320 /* BurgeRate */,
				78EC671621C70234005EB320 /* BurgeRateTests */,
				78EC672121C70234005EB320 /* BurgeRateUITests */,
				78EC670021C7022E005EB320 /* Products */,
				4FACACB4235C9DE887D05C55 /* Pods */,
				6E9FC069C433C694CB54A192 /* Frameworks */,
			);
			sourceTree = "<group>";
		};
		78EC670021C7022E005EB320 /* Products */ = {
			isa = PBXGroup;
			children = (
				78EC66FF21C7022E005EB320 /* BurgeRate.app */,
				78EC671321C70234005EB320 /* BurgeRateTests.xctest */,
				78EC671E21C70234005EB320 /* BurgeRateUITests.xctest */,
			);
			name = Products;
			sourceTree = "<group>";
		};
		78EC670121C7022E005EB320 /* BurgeRate */ = {
			isa = PBXGroup;
			children = (
				78F723E321EF7EDE00505FB5 /* GoogleService-Info.plist */,
				78F723E521EF914000505FB5 /* Models */,
				78EC670221C7022E005EB320 /* AppDelegate.swift */,
				78EC670421C7022E005EB320 /* EntryViewController.swift */,
				78EC670621C7022E005EB320 /* Main.storyboard */,
				78EC670921C70233005EB320 /* Assets.xcassets */,
				78EC670B21C70233005EB320 /* LaunchScreen.storyboard */,
				78EC670E21C70233005EB320 /* Info.plist */,
				78EC673021C7200B005EB320 /* LoginViewController.swift */,
				78EC673221C72028005EB320 /* SignUpViewController.swift */,
				172D1A9C2202071900330357 /* BurgeRate-Bridging-Header.h */,
				172D1AA02202075100330357 /* FeedTableViewController.swift */,
				785E4E5C21F00764006D2E1E /* ReviewTableViewCell.swift */,
			);
			path = BurgeRate;
			sourceTree = "<group>";
		};
		78EC671621C70234005EB320 /* BurgeRateTests */ = {
			isa = PBXGroup;
			children = (
				78EC671721C70234005EB320 /* BurgeRateTests.swift */,
				78EC671921C70234005EB320 /* Info.plist */,
			);
			path = BurgeRateTests;
			sourceTree = "<group>";
		};
		78EC672121C70234005EB320 /* BurgeRateUITests */ = {
			isa = PBXGroup;
			children = (
				78EC672221C70234005EB320 /* BurgeRateUITests.swift */,
				78EC672421C70234005EB320 /* Info.plist */,
			);
			path = BurgeRateUITests;
			sourceTree = "<group>";
		};
		78F723E521EF914000505FB5 /* Models */ = {
			isa = PBXGroup;
			children = (
				78F723E621EF926200505FB5 /* User.swift */,
				78F723E821EF948E00505FB5 /* Review.swift */,
				78F723EA21EF97A900505FB5 /* ModelFirebase.swift */,
				78F723EE21EFAAEC00505FB5 /* Model.swift */,
			);
			path = Models;
			sourceTree = "<group>";
		};
/* End PBXGroup section */

/* Begin PBXNativeTarget section */
		78EC66FE21C7022E005EB320 /* BurgeRate */ = {
			isa = PBXNativeTarget;
			buildConfigurationList = 78EC672721C70234005EB320 /* Build configuration list for PBXNativeTarget "BurgeRate" */;
			buildPhases = (
				09D41E9111F4117FEAEC32D4 /* [CP] Check Pods Manifest.lock */,
				78EC66FB21C7022E005EB320 /* Sources */,
				78EC66FC21C7022E005EB320 /* Frameworks */,
				78EC66FD21C7022E005EB320 /* Resources */,
				960A90451ADED0FCA828AEAD /* [CP] Embed Pods Frameworks */,
			);
			buildRules = (
			);
			dependencies = (
			);
			name = BurgeRate;
			productName = BurgeRate;
			productReference = 78EC66FF21C7022E005EB320 /* BurgeRate.app */;
			productType = "com.apple.product-type.application";
		};
		78EC671221C70234005EB320 /* BurgeRateTests */ = {
			isa = PBXNativeTarget;
			buildConfigurationList = 78EC672A21C70234005EB320 /* Build configuration list for PBXNativeTarget "BurgeRateTests" */;
			buildPhases = (
				CC71CB0BC9910B8369E87AE5 /* [CP] Check Pods Manifest.lock */,
				78EC670F21C70234005EB320 /* Sources */,
				78EC671021C70234005EB320 /* Frameworks */,
				78EC671121C70234005EB320 /* Resources */,
			);
			buildRules = (
			);
			dependencies = (
				78EC671521C70234005EB320 /* PBXTargetDependency */,
			);
			name = BurgeRateTests;
			productName = BurgeRateTests;
			productReference = 78EC671321C70234005EB320 /* BurgeRateTests.xctest */;
			productType = "com.apple.product-type.bundle.unit-test";
		};
		78EC671D21C70234005EB320 /* BurgeRateUITests */ = {
			isa = PBXNativeTarget;
			buildConfigurationList = 78EC672D21C70234005EB320 /* Build configuration list for PBXNativeTarget "BurgeRateUITests" */;
			buildPhases = (
				E4C51E39D423203003D8CC0B /* [CP] Check Pods Manifest.lock */,
				78EC671A21C70234005EB320 /* Sources */,
				78EC671B21C70234005EB320 /* Frameworks */,
				78EC671C21C70234005EB320 /* Resources */,
			);
			buildRules = (
			);
			dependencies = (
				78EC672021C70234005EB320 /* PBXTargetDependency */,
			);
			name = BurgeRateUITests;
			productName = BurgeRateUITests;
			productReference = 78EC671E21C70234005EB320 /* BurgeRateUITests.xctest */;
			productType = "com.apple.product-type.bundle.ui-testing";
		};
/* End PBXNativeTarget section */

/* Begin PBXProject section */
		78EC66F721C7022D005EB320 /* Project object */ = {
			isa = PBXProject;
			attributes = {
				LastSwiftUpdateCheck = 1010;
				LastUpgradeCheck = 1010;
				ORGANIZATIONNAME = "MS-VM";
				TargetAttributes = {
					78EC66FE21C7022E005EB320 = {
						CreatedOnToolsVersion = 10.1;
						LastSwiftMigration = 1000;
					};
					78EC671221C70234005EB320 = {
						CreatedOnToolsVersion = 10.1;
						TestTargetID = 78EC66FE21C7022E005EB320;
					};
					78EC671D21C70234005EB320 = {
						CreatedOnToolsVersion = 10.1;
						TestTargetID = 78EC66FE21C7022E005EB320;
					};
				};
			};
			buildConfigurationList = 78EC66FA21C7022D005EB320 /* Build configuration list for PBXProject "BurgeRate" */;
			compatibilityVersion = "Xcode 9.3";
			developmentRegion = en;
			hasScannedForEncodings = 0;
			knownRegions = (
				en,
				Base,
			);
			mainGroup = 78EC66F621C7022D005EB320;
			productRefGroup = 78EC670021C7022E005EB320 /* Products */;
			projectDirPath = "";
			projectRoot = "";
			targets = (
				78EC66FE21C7022E005EB320 /* BurgeRate */,
				78EC671221C70234005EB320 /* BurgeRateTests */,
				78EC671D21C70234005EB320 /* BurgeRateUITests */,
			);
		};
/* End PBXProject section */

/* Begin PBXResourcesBuildPhase section */
		78EC66FD21C7022E005EB320 /* Resources */ = {
			isa = PBXResourcesBuildPhase;
			buildActionMask = 2147483647;
			files = (
				78EC670D21C70233005EB320 /* LaunchScreen.storyboard in Resources */,
				78F723E421EF7EDF00505FB5 /* GoogleService-Info.plist in Resources */,
				78EC670A21C70233005EB320 /* Assets.xcassets in Resources */,
				78EC670821C7022E005EB320 /* Main.storyboard in Resources */,
			);
			runOnlyForDeploymentPostprocessing = 0;
		};
		78EC671121C70234005EB320 /* Resources */ = {
			isa = PBXResourcesBuildPhase;
			buildActionMask = 2147483647;
			files = (
			);
			runOnlyForDeploymentPostprocessing = 0;
		};
		78EC671C21C70234005EB320 /* Resources */ = {
			isa = PBXResourcesBuildPhase;
			buildActionMask = 2147483647;
			files = (
			);
			runOnlyForDeploymentPostprocessing = 0;
		};
/* End PBXResourcesBuildPhase section */

/* Begin PBXShellScriptBuildPhase section */
		09D41E9111F4117FEAEC32D4 /* [CP] Check Pods Manifest.lock */ = {
			isa = PBXShellScriptBuildPhase;
			buildActionMask = 2147483647;
			files = (
			);
			inputPaths = (
				"${PODS_PODFILE_DIR_PATH}/Podfile.lock",
				"${PODS_ROOT}/Manifest.lock",
			);
			name = "[CP] Check Pods Manifest.lock";
			outputPaths = (
				"$(DERIVED_FILE_DIR)/Pods-BurgeRate-checkManifestLockResult.txt",
			);
			runOnlyForDeploymentPostprocessing = 0;
			shellPath = /bin/sh;
			shellScript = "diff \"${PODS_PODFILE_DIR_PATH}/Podfile.lock\" \"${PODS_ROOT}/Manifest.lock\" > /dev/null\nif [ $? != 0 ] ; then\n    # print error to STDERR\n    echo \"error: The sandbox is not in sync with the Podfile.lock. Run 'pod install' or update your CocoaPods installation.\" >&2\n    exit 1\nfi\n# This output is used by Xcode 'outputs' to avoid re-running this script phase.\necho \"SUCCESS\" > \"${SCRIPT_OUTPUT_FILE_0}\"\n";
			showEnvVarsInLog = 0;
		};
		960A90451ADED0FCA828AEAD /* [CP] Embed Pods Frameworks */ = {
			isa = PBXShellScriptBuildPhase;
			buildActionMask = 2147483647;
			files = (
			);
			inputFileListPaths = (
			);
			inputPaths = (
				"${SRCROOT}/Pods/Target Support Files/Pods-BurgeRate/Pods-BurgeRate-frameworks.sh",
				"${BUILT_PRODUCTS_DIR}/GoogleUtilities/GoogleUtilities.framework",
				"${BUILT_PRODUCTS_DIR}/leveldb-library/leveldb.framework",
				"${BUILT_PRODUCTS_DIR}/nanopb/nanopb.framework",
			);
			name = "[CP] Embed Pods Frameworks";
			outputFileListPaths = (
			);
			outputPaths = (
				"${TARGET_BUILD_DIR}/${FRAMEWORKS_FOLDER_PATH}/GoogleUtilities.framework",
				"${TARGET_BUILD_DIR}/${FRAMEWORKS_FOLDER_PATH}/leveldb.framework",
				"${TARGET_BUILD_DIR}/${FRAMEWORKS_FOLDER_PATH}/nanopb.framework",
			);
			runOnlyForDeploymentPostprocessing = 0;
			shellPath = /bin/sh;
			shellScript = "\"${SRCROOT}/Pods/Target Support Files/Pods-BurgeRate/Pods-BurgeRate-frameworks.sh\"\n";
			showEnvVarsInLog = 0;
		};
		CC71CB0BC9910B8369E87AE5 /* [CP] Check Pods Manifest.lock */ = {
			isa = PBXShellScriptBuildPhase;
			buildActionMask = 2147483647;
			files = (
			);
			inputPaths = (
				"${PODS_PODFILE_DIR_PATH}/Podfile.lock",
				"${PODS_ROOT}/Manifest.lock",
			);
			name = "[CP] Check Pods Manifest.lock";
			outputPaths = (
				"$(DERIVED_FILE_DIR)/Pods-BurgeRateTests-checkManifestLockResult.txt",
			);
			runOnlyForDeploymentPostprocessing = 0;
			shellPath = /bin/sh;
			shellScript = "diff \"${PODS_PODFILE_DIR_PATH}/Podfile.lock\" \"${PODS_ROOT}/Manifest.lock\" > /dev/null\nif [ $? != 0 ] ; then\n    # print error to STDERR\n    echo \"error: The sandbox is not in sync with the Podfile.lock. Run 'pod install' or update your CocoaPods installation.\" >&2\n    exit 1\nfi\n# This output is used by Xcode 'outputs' to avoid re-running this script phase.\necho \"SUCCESS\" > \"${SCRIPT_OUTPUT_FILE_0}\"\n";
			showEnvVarsInLog = 0;
		};
		E4C51E39D423203003D8CC0B /* [CP] Check Pods Manifest.lock */ = {
			isa = PBXShellScriptBuildPhase;
			buildActionMask = 2147483647;
			files = (
			);
			inputPaths = (
				"${PODS_PODFILE_DIR_PATH}/Podfile.lock",
				"${PODS_ROOT}/Manifest.lock",
			);
			name = "[CP] Check Pods Manifest.lock";
			outputPaths = (
				"$(DERIVED_FILE_DIR)/Pods-BurgeRateUITests-checkManifestLockResult.txt",
			);
			runOnlyForDeploymentPostprocessing = 0;
			shellPath = /bin/sh;
			shellScript = "diff \"${PODS_PODFILE_DIR_PATH}/Podfile.lock\" \"${PODS_ROOT}/Manifest.lock\" > /dev/null\nif [ $? != 0 ] ; then\n    # print error to STDERR\n    echo \"error: The sandbox is not in sync with the Podfile.lock. Run 'pod install' or update your CocoaPods installation.\" >&2\n    exit 1\nfi\n# This output is used by Xcode 'outputs' to avoid re-running this script phase.\necho \"SUCCESS\" > \"${SCRIPT_OUTPUT_FILE_0}\"\n";
			showEnvVarsInLog = 0;
		};
/* End PBXShellScriptBuildPhase section */

/* Begin PBXSourcesBuildPhase section */
		78EC66FB21C7022E005EB320 /* Sources */ = {
			isa = PBXSourcesBuildPhase;
			buildActionMask = 2147483647;
			files = (
				78EC673121C7200B005EB320 /* LoginViewController.swift in Sources */,
				78F723EB21EF97A900505FB5 /* ModelFirebase.swift in Sources */,
				78EC670521C7022E005EB320 /* EntryViewController.swift in Sources */,
				78EC673321C72028005EB320 /* SignUpViewController.swift in Sources */,
				172D1AA12202075100330357 /* FeedTableViewController.swift in Sources */,
				78F723E721EF926200505FB5 /* User.swift in Sources */,
				78EC670321C7022E005EB320 /* AppDelegate.swift in Sources */,
				785E4E5D21F00764006D2E1E /* ReviewTableViewCell.swift in Sources */,
				78F723E921EF948E00505FB5 /* Review.swift in Sources */,
				78F723EF21EFAAEC00505FB5 /* Model.swift in Sources */,
			);
			runOnlyForDeploymentPostprocessing = 0;
		};
		78EC670F21C70234005EB320 /* Sources */ = {
			isa = PBXSourcesBuildPhase;
			buildActionMask = 2147483647;
			files = (
				78EC671821C70234005EB320 /* BurgeRateTests.swift in Sources */,
			);
			runOnlyForDeploymentPostprocessing = 0;
		};
		78EC671A21C70234005EB320 /* Sources */ = {
			isa = PBXSourcesBuildPhase;
			buildActionMask = 2147483647;
			files = (
				78EC672321C70234005EB320 /* BurgeRateUITests.swift in Sources */,
			);
			runOnlyForDeploymentPostprocessing = 0;
		};
/* End PBXSourcesBuildPhase section */

/* Begin PBXTargetDependency section */
		78EC671521C70234005EB320 /* PBXTargetDependency */ = {
			isa = PBXTargetDependency;
			target = 78EC66FE21C7022E005EB320 /* BurgeRate */;
			targetProxy = 78EC671421C70234005EB320 /* PBXContainerItemProxy */;
		};
		78EC672021C70234005EB320 /* PBXTargetDependency */ = {
			isa = PBXTargetDependency;
			target = 78EC66FE21C7022E005EB320 /* BurgeRate */;
			targetProxy = 78EC671F21C70234005EB320 /* PBXContainerItemProxy */;
		};
/* End PBXTargetDependency section */

/* Begin PBXVariantGroup section */
		78EC670621C7022E005EB320 /* Main.storyboard */ = {
			isa = PBXVariantGroup;
			children = (
				78EC670721C7022E005EB320 /* Base */,
			);
			name = Main.storyboard;
			sourceTree = "<group>";
		};
		78EC670B21C70233005EB320 /* LaunchScreen.storyboard */ = {
			isa = PBXVariantGroup;
			children = (
				78EC670C21C70233005EB320 /* Base */,
			);
			name = LaunchScreen.storyboard;
			sourceTree = "<group>";
		};
/* End PBXVariantGroup section */

/* Begin XCBuildConfiguration section */
		78EC672521C70234005EB320 /* Debug */ = {
			isa = XCBuildConfiguration;
			buildSettings = {
				ALWAYS_SEARCH_USER_PATHS = NO;
				CLANG_ANALYZER_NONNULL = YES;
				CLANG_ANALYZER_NUMBER_OBJECT_CONVERSION = YES_AGGRESSIVE;
				CLANG_CXX_LANGUAGE_STANDARD = "gnu++14";
				CLANG_CXX_LIBRARY = "libc++";
				CLANG_ENABLE_MODULES = YES;
				CLANG_ENABLE_OBJC_ARC = YES;
				CLANG_ENABLE_OBJC_WEAK = YES;
				CLANG_WARN_BLOCK_CAPTURE_AUTORELEASING = YES;
				CLANG_WARN_BOOL_CONVERSION = YES;
				CLANG_WARN_COMMA = YES;
				CLANG_WARN_CONSTANT_CONVERSION = YES;
				CLANG_WARN_DEPRECATED_OBJC_IMPLEMENTATIONS = YES;
				CLANG_WARN_DIRECT_OBJC_ISA_USAGE = YES_ERROR;
				CLANG_WARN_DOCUMENTATION_COMMENTS = YES;
				CLANG_WARN_EMPTY_BODY = YES;
				CLANG_WARN_ENUM_CONVERSION = YES;
				CLANG_WARN_INFINITE_RECURSION = YES;
				CLANG_WARN_INT_CONVERSION = YES;
				CLANG_WARN_NON_LITERAL_NULL_CONVERSION = YES;
				CLANG_WARN_OBJC_IMPLICIT_RETAIN_SELF = YES;
				CLANG_WARN_OBJC_LITERAL_CONVERSION = YES;
				CLANG_WARN_OBJC_ROOT_CLASS = YES_ERROR;
				CLANG_WARN_RANGE_LOOP_ANALYSIS = YES;
				CLANG_WARN_STRICT_PROTOTYPES = YES;
				CLANG_WARN_SUSPICIOUS_MOVE = YES;
				CLANG_WARN_UNGUARDED_AVAILABILITY = YES_AGGRESSIVE;
				CLANG_WARN_UNREACHABLE_CODE = YES;
				CLANG_WARN__DUPLICATE_METHOD_MATCH = YES;
				CODE_SIGN_IDENTITY = "iPhone Developer";
				COPY_PHASE_STRIP = NO;
				DEBUG_INFORMATION_FORMAT = dwarf;
				ENABLE_STRICT_OBJC_MSGSEND = YES;
				ENABLE_TESTABILITY = YES;
				GCC_C_LANGUAGE_STANDARD = gnu11;
				GCC_DYNAMIC_NO_PIC = NO;
				GCC_NO_COMMON_BLOCKS = YES;
				GCC_OPTIMIZATION_LEVEL = 0;
				GCC_PREPROCESSOR_DEFINITIONS = (
					"DEBUG=1",
					"$(inherited)",
				);
				GCC_WARN_64_TO_32_BIT_CONVERSION = YES;
				GCC_WARN_ABOUT_RETURN_TYPE = YES_ERROR;
				GCC_WARN_UNDECLARED_SELECTOR = YES;
				GCC_WARN_UNINITIALIZED_AUTOS = YES_AGGRESSIVE;
				GCC_WARN_UNUSED_FUNCTION = YES;
				GCC_WARN_UNUSED_VARIABLE = YES;
				IPHONEOS_DEPLOYMENT_TARGET = 12.0;
				MTL_ENABLE_DEBUG_INFO = INCLUDE_SOURCE;
				MTL_FAST_MATH = YES;
				ONLY_ACTIVE_ARCH = YES;
				SDKROOT = iphoneos;
				SWIFT_ACTIVE_COMPILATION_CONDITIONS = DEBUG;
				SWIFT_OPTIMIZATION_LEVEL = "-Onone";
			};
			name = Debug;
		};
		78EC672621C70234005EB320 /* Release */ = {
			isa = XCBuildConfiguration;
			buildSettings = {
				ALWAYS_SEARCH_USER_PATHS = NO;
				CLANG_ANALYZER_NONNULL = YES;
				CLANG_ANALYZER_NUMBER_OBJECT_CONVERSION = YES_AGGRESSIVE;
				CLANG_CXX_LANGUAGE_STANDARD = "gnu++14";
				CLANG_CXX_LIBRARY = "libc++";
				CLANG_ENABLE_MODULES = YES;
				CLANG_ENABLE_OBJC_ARC = YES;
				CLANG_ENABLE_OBJC_WEAK = YES;
				CLANG_WARN_BLOCK_CAPTURE_AUTORELEASING = YES;
				CLANG_WARN_BOOL_CONVERSION = YES;
				CLANG_WARN_COMMA = YES;
				CLANG_WARN_CONSTANT_CONVERSION = YES;
				CLANG_WARN_DEPRECATED_OBJC_IMPLEMENTATIONS = YES;
				CLANG_WARN_DIRECT_OBJC_ISA_USAGE = YES_ERROR;
				CLANG_WARN_DOCUMENTATION_COMMENTS = YES;
				CLANG_WARN_EMPTY_BODY = YES;
				CLANG_WARN_ENUM_CONVERSION = YES;
				CLANG_WARN_INFINITE_RECURSION = YES;
				CLANG_WARN_INT_CONVERSION = YES;
				CLANG_WARN_NON_LITERAL_NULL_CONVERSION = YES;
				CLANG_WARN_OBJC_IMPLICIT_RETAIN_SELF = YES;
				CLANG_WARN_OBJC_LITERAL_CONVERSION = YES;
				CLANG_WARN_OBJC_ROOT_CLASS = YES_ERROR;
				CLANG_WARN_RANGE_LOOP_ANALYSIS = YES;
				CLANG_WARN_STRICT_PROTOTYPES = YES;
				CLANG_WARN_SUSPICIOUS_MOVE = YES;
				CLANG_WARN_UNGUARDED_AVAILABILITY = YES_AGGRESSIVE;
				CLANG_WARN_UNREACHABLE_CODE = YES;
				CLANG_WARN__DUPLICATE_METHOD_MATCH = YES;
				CODE_SIGN_IDENTITY = "iPhone Developer";
				COPY_PHASE_STRIP = NO;
				DEBUG_INFORMATION_FORMAT = "dwarf-with-dsym";
				ENABLE_NS_ASSERTIONS = NO;
				ENABLE_STRICT_OBJC_MSGSEND = YES;
				GCC_C_LANGUAGE_STANDARD = gnu11;
				GCC_NO_COMMON_BLOCKS = YES;
				GCC_WARN_64_TO_32_BIT_CONVERSION = YES;
				GCC_WARN_ABOUT_RETURN_TYPE = YES_ERROR;
				GCC_WARN_UNDECLARED_SELECTOR = YES;
				GCC_WARN_UNINITIALIZED_AUTOS = YES_AGGRESSIVE;
				GCC_WARN_UNUSED_FUNCTION = YES;
				GCC_WARN_UNUSED_VARIABLE = YES;
				IPHONEOS_DEPLOYMENT_TARGET = 12.0;
				MTL_ENABLE_DEBUG_INFO = NO;
				MTL_FAST_MATH = YES;
				SDKROOT = iphoneos;
				SWIFT_COMPILATION_MODE = wholemodule;
				SWIFT_OPTIMIZATION_LEVEL = "-O";
				VALIDATE_PRODUCT = YES;
			};
			name = Release;
		};
		78EC672821C70234005EB320 /* Debug */ = {
			isa = XCBuildConfiguration;
			baseConfigurationReference = D7B1B5065D5AA6BD061AEFB5 /* Pods-BurgeRate.debug.xcconfig */;
			buildSettings = {
				ASSETCATALOG_COMPILER_APPICON_NAME = AppIcon;
				CLANG_ENABLE_MODULES = YES;
				CODE_SIGN_STYLE = Automatic;
				DEVELOPMENT_TEAM = U3UBS4YUF5;
				INFOPLIST_FILE = BurgeRate/Info.plist;
				IPHONEOS_DEPLOYMENT_TARGET = 12.0;
				LD_RUNPATH_SEARCH_PATHS = (
					"$(inherited)",
					"@executable_path/Frameworks",
				);
				PRODUCT_BUNDLE_IDENTIFIER = BurgeRate.BurgeRate;
				PRODUCT_NAME = "$(TARGET_NAME)";
				SWIFT_OBJC_BRIDGING_HEADER = "BurgeRate/BurgeRate-Bridging-Header.h";
				SWIFT_OPTIMIZATION_LEVEL = "-Onone";
				SWIFT_VERSION = 4.2;
				TARGETED_DEVICE_FAMILY = "1,2";
			};
			name = Debug;
		};
		78EC672921C70234005EB320 /* Release */ = {
			isa = XCBuildConfiguration;
			baseConfigurationReference = 4A9DCBC0EAA3B5CE9C1E83CA /* Pods-BurgeRate.release.xcconfig */;
			buildSettings = {
				ASSETCATALOG_COMPILER_APPICON_NAME = AppIcon;
				CLANG_ENABLE_MODULES = YES;
				CODE_SIGN_STYLE = Automatic;
				DEVELOPMENT_TEAM = U3UBS4YUF5;
				INFOPLIST_FILE = BurgeRate/Info.plist;
				IPHONEOS_DEPLOYMENT_TARGET = 12.0;
				LD_RUNPATH_SEARCH_PATHS = (
					"$(inherited)",
					"@executable_path/Frameworks",
				);
				PRODUCT_BUNDLE_IDENTIFIER = BurgeRate.BurgeRate;
				PRODUCT_NAME = "$(TARGET_NAME)";
				SWIFT_OBJC_BRIDGING_HEADER = "BurgeRate/BurgeRate-Bridging-Header.h";
				SWIFT_VERSION = 4.2;
				TARGETED_DEVICE_FAMILY = "1,2";
			};
			name = Release;
		};
		78EC672B21C70234005EB320 /* Debug */ = {
			isa = XCBuildConfiguration;
			baseConfigurationReference = 44850A26394BF69A9B00F2EF /* Pods-BurgeRateTests.debug.xcconfig */;
			buildSettings = {
				ALWAYS_EMBED_SWIFT_STANDARD_LIBRARIES = YES;
				BUNDLE_LOADER = "$(TEST_HOST)";
				CODE_SIGN_STYLE = Automatic;
				INFOPLIST_FILE = BurgeRateTests/Info.plist;
				LD_RUNPATH_SEARCH_PATHS = (
					"$(inherited)",
					"@executable_path/Frameworks",
					"@loader_path/Frameworks",
				);
				PRODUCT_BUNDLE_IDENTIFIER = BurgeRate.BurgeRateTests;
				PRODUCT_NAME = "$(TARGET_NAME)";
				SWIFT_VERSION = 4.2;
				TARGETED_DEVICE_FAMILY = "1,2";
				TEST_HOST = "$(BUILT_PRODUCTS_DIR)/BurgeRate.app/BurgeRate";
			};
			name = Debug;
		};
		78EC672C21C70234005EB320 /* Release */ = {
			isa = XCBuildConfiguration;
			baseConfigurationReference = FED899803F58B2BEAD8F4341 /* Pods-BurgeRateTests.release.xcconfig */;
			buildSettings = {
				ALWAYS_EMBED_SWIFT_STANDARD_LIBRARIES = YES;
				BUNDLE_LOADER = "$(TEST_HOST)";
				CODE_SIGN_STYLE = Automatic;
				INFOPLIST_FILE = BurgeRateTests/Info.plist;
				LD_RUNPATH_SEARCH_PATHS = (
					"$(inherited)",
					"@executable_path/Frameworks",
					"@loader_path/Frameworks",
				);
				PRODUCT_BUNDLE_IDENTIFIER = BurgeRate.BurgeRateTests;
				PRODUCT_NAME = "$(TARGET_NAME)";
				SWIFT_VERSION = 4.2;
				TARGETED_DEVICE_FAMILY = "1,2";
				TEST_HOST = "$(BUILT_PRODUCTS_DIR)/BurgeRate.app/BurgeRate";
			};
			name = Release;
		};
		78EC672E21C70234005EB320 /* Debug */ = {
			isa = XCBuildConfiguration;
			baseConfigurationReference = 1C1326220D528C03D378CD96 /* Pods-BurgeRateUITests.debug.xcconfig */;
			buildSettings = {
				ALWAYS_EMBED_SWIFT_STANDARD_LIBRARIES = YES;
				CODE_SIGN_STYLE = Automatic;
				INFOPLIST_FILE = BurgeRateUITests/Info.plist;
				LD_RUNPATH_SEARCH_PATHS = (
					"$(inherited)",
					"@executable_path/Frameworks",
					"@loader_path/Frameworks",
				);
				PRODUCT_BUNDLE_IDENTIFIER = BurgeRate.BurgeRateUITests;
				PRODUCT_NAME = "$(TARGET_NAME)";
				SWIFT_VERSION = 4.2;
				TARGETED_DEVICE_FAMILY = "1,2";
				TEST_TARGET_NAME = BurgeRate;
			};
			name = Debug;
		};
		78EC672F21C70234005EB320 /* Release */ = {
			isa = XCBuildConfiguration;
			baseConfigurationReference = D4336A520F28A68B73ABD8E4 /* Pods-BurgeRateUITests.release.xcconfig */;
			buildSettings = {
				ALWAYS_EMBED_SWIFT_STANDARD_LIBRARIES = YES;
				CODE_SIGN_STYLE = Automatic;
				INFOPLIST_FILE = BurgeRateUITests/Info.plist;
				LD_RUNPATH_SEARCH_PATHS = (
					"$(inherited)",
					"@executable_path/Frameworks",
					"@loader_path/Frameworks",
				);
				PRODUCT_BUNDLE_IDENTIFIER = BurgeRate.BurgeRateUITests;
				PRODUCT_NAME = "$(TARGET_NAME)";
				SWIFT_VERSION = 4.2;
				TARGETED_DEVICE_FAMILY = "1,2";
				TEST_TARGET_NAME = BurgeRate;
			};
			name = Release;
		};
/* End XCBuildConfiguration section */

/* Begin XCConfigurationList section */
		78EC66FA21C7022D005EB320 /* Build configuration list for PBXProject "BurgeRate" */ = {
			isa = XCConfigurationList;
			buildConfigurations = (
				78EC672521C70234005EB320 /* Debug */,
				78EC672621C70234005EB320 /* Release */,
			);
			defaultConfigurationIsVisible = 0;
			defaultConfigurationName = Release;
		};
		78EC672721C70234005EB320 /* Build configuration list for PBXNativeTarget "BurgeRate" */ = {
			isa = XCConfigurationList;
			buildConfigurations = (
				78EC672821C70234005EB320 /* Debug */,
				78EC672921C70234005EB320 /* Release */,
			);
			defaultConfigurationIsVisible = 0;
			defaultConfigurationName = Release;
		};
		78EC672A21C70234005EB320 /* Build configuration list for PBXNativeTarget "BurgeRateTests" */ = {
			isa = XCConfigurationList;
			buildConfigurations = (
				78EC672B21C70234005EB320 /* Debug */,
				78EC672C21C70234005EB320 /* Release */,
			);
			defaultConfigurationIsVisible = 0;
			defaultConfigurationName = Release;
		};
		78EC672D21C70234005EB320 /* Build configuration list for PBXNativeTarget "BurgeRateUITests" */ = {
			isa = XCConfigurationList;
			buildConfigurations = (
				78EC672E21C70234005EB320 /* Debug */,
				78EC672F21C70234005EB320 /* Release */,
			);
			defaultConfigurationIsVisible = 0;
			defaultConfigurationName = Release;
		};
/* End XCConfigurationList section */
	};
	rootObject = 78EC66F721C7022D005EB320 /* Project object */;
}
